// !$*UTF8*$!
{
	archiveVersion = 1;
	classes = {
	};
	objectVersion = 56;
	objects = {

/* Begin PBXBuildFile section */
		A5260E0F2C10D06A0072EDC9 /* libGLEW.2.2.0.dylib in Frameworks */ = {isa = PBXBuildFile; fileRef = A5260E0E2C10D06A0072EDC9 /* libGLEW.2.2.0.dylib */; };
		A529C3692C1236E90047C751 /* VertexBuffer.cpp in Sources */ = {isa = PBXBuildFile; fileRef = A529C3672C1236E90047C751 /* VertexBuffer.cpp */; };
		A546E73D2C18ADFA006FC6A1 /* IndexBuffer.cpp in Sources */ = {isa = PBXBuildFile; fileRef = A546E73B2C18ADFA006FC6A1 /* IndexBuffer.cpp */; };
		A5C683F12C125C7600857C0C /* VertexArray.cpp in Sources */ = {isa = PBXBuildFile; fileRef = A5C683EF2C125C7600857C0C /* VertexArray.cpp */; };
		A5C683F42C1260AB00857C0C /* VertexLayout.cpp in Sources */ = {isa = PBXBuildFile; fileRef = A5C683F22C1260AB00857C0C /* VertexLayout.cpp */; };
		A5C853C42BCC8BE600326246 /* main.cpp in Sources */ = {isa = PBXBuildFile; fileRef = A5C853C32BCC8BE600326246 /* main.cpp */; };
		A5C853CC2BCC8E2900326246 /* OpenGL.framework in Frameworks */ = {isa = PBXBuildFile; fileRef = A5C853CB2BCC8E2900326246 /* OpenGL.framework */; };
		A5C853CE2BCC8F3000326246 /* libglfw.3.3.dylib in Frameworks */ = {isa = PBXBuildFile; fileRef = A5C853CD2BCC8F3000326246 /* libglfw.3.3.dylib */; };
		A5CCE3222C1F68A70070A028 /* Camera.cpp in Sources */ = {isa = PBXBuildFile; fileRef = A5CCE3202C1F68A70070A028 /* Camera.cpp */; };
		A5CCE3252C1F8D810070A028 /* Mesh.cpp in Sources */ = {isa = PBXBuildFile; fileRef = A5CCE3232C1F8D810070A028 /* Mesh.cpp */; };
		A5CCE3282C1FAD2A0070A028 /* GameObject.cpp in Sources */ = {isa = PBXBuildFile; fileRef = A5CCE3262C1FAD2A0070A028 /* GameObject.cpp */; };
		A5CCE32C2C2089BD0070A028 /* Rectangle.cpp in Sources */ = {isa = PBXBuildFile; fileRef = A5CCE32A2C2089BD0070A028 /* Rectangle.cpp */; };
		A5CCE32F2C20C1000070A028 /* Cube.cpp in Sources */ = {isa = PBXBuildFile; fileRef = A5CCE32D2C20C1000070A028 /* Cube.cpp */; };
		A5E412D82C0916E3003FF96F /* Shader.cpp in Sources */ = {isa = PBXBuildFile; fileRef = A5E412D62C0916E3003FF96F /* Shader.cpp */; };
/* End PBXBuildFile section */

/* Begin PBXCopyFilesBuildPhase section */
		A5C853BE2BCC8BE600326246 /* CopyFiles */ = {
			isa = PBXCopyFilesBuildPhase;
			buildActionMask = 2147483647;
			dstPath = /usr/share/man/man1/;
			dstSubfolderSpec = 0;
			files = (
			);
			runOnlyForDeploymentPostprocessing = 1;
		};
/* End PBXCopyFilesBuildPhase section */

/* Begin PBXFileReference section */
		A5260E0E2C10D06A0072EDC9 /* libGLEW.2.2.0.dylib */ = {isa = PBXFileReference; lastKnownFileType = "compiled.mach-o.dylib"; name = libGLEW.2.2.0.dylib; path = ../../../../../../../opt/homebrew/Cellar/glew/2.2.0_1/lib/libGLEW.2.2.0.dylib; sourceTree = "<group>"; };
		A529C3672C1236E90047C751 /* VertexBuffer.cpp */ = {isa = PBXFileReference; lastKnownFileType = sourcecode.cpp.cpp; path = VertexBuffer.cpp; sourceTree = "<group>"; };
		A529C3682C1236E90047C751 /* VertexBuffer.hpp */ = {isa = PBXFileReference; lastKnownFileType = sourcecode.cpp.h; path = VertexBuffer.hpp; sourceTree = "<group>"; };
		A546E73B2C18ADFA006FC6A1 /* IndexBuffer.cpp */ = {isa = PBXFileReference; lastKnownFileType = sourcecode.cpp.cpp; path = IndexBuffer.cpp; sourceTree = "<group>"; };
		A546E73C2C18ADFA006FC6A1 /* IndexBuffer.hpp */ = {isa = PBXFileReference; lastKnownFileType = sourcecode.cpp.h; path = IndexBuffer.hpp; sourceTree = "<group>"; };
		A546E73E2C18C021006FC6A1 /* glm */ = {isa = PBXFileReference; lastKnownFileType = folder; path = glm; sourceTree = "<group>"; };
		A5C683EF2C125C7600857C0C /* VertexArray.cpp */ = {isa = PBXFileReference; lastKnownFileType = sourcecode.cpp.cpp; path = VertexArray.cpp; sourceTree = "<group>"; };
		A5C683F02C125C7600857C0C /* VertexArray.hpp */ = {isa = PBXFileReference; lastKnownFileType = sourcecode.cpp.h; path = VertexArray.hpp; sourceTree = "<group>"; };
		A5C683F22C1260AB00857C0C /* VertexLayout.cpp */ = {isa = PBXFileReference; lastKnownFileType = sourcecode.cpp.cpp; path = VertexLayout.cpp; sourceTree = "<group>"; };
		A5C683F32C1260AB00857C0C /* VertexLayout.hpp */ = {isa = PBXFileReference; lastKnownFileType = sourcecode.cpp.h; path = VertexLayout.hpp; sourceTree = "<group>"; };
		A5C853C02BCC8BE600326246 /* MinecraftClone */ = {isa = PBXFileReference; explicitFileType = "compiled.mach-o.executable"; includeInIndex = 0; path = MinecraftClone; sourceTree = BUILT_PRODUCTS_DIR; };
		A5C853C32BCC8BE600326246 /* main.cpp */ = {isa = PBXFileReference; lastKnownFileType = sourcecode.cpp.cpp; path = main.cpp; sourceTree = "<group>"; };
		A5C853CB2BCC8E2900326246 /* OpenGL.framework */ = {isa = PBXFileReference; lastKnownFileType = wrapper.framework; name = OpenGL.framework; path = System/Library/Frameworks/OpenGL.framework; sourceTree = SDKROOT; };
		A5C853CD2BCC8F3000326246 /* libglfw.3.3.dylib */ = {isa = PBXFileReference; lastKnownFileType = "compiled.mach-o.dylib"; name = libglfw.3.3.dylib; path = ../../../../../../../opt/homebrew/Cellar/glfw/3.3.9/lib/libglfw.3.3.dylib; sourceTree = "<group>"; };
		A5CCE3202C1F68A70070A028 /* Camera.cpp */ = {isa = PBXFileReference; lastKnownFileType = sourcecode.cpp.cpp; path = Camera.cpp; sourceTree = "<group>"; };
		A5CCE3212C1F68A70070A028 /* Camera.hpp */ = {isa = PBXFileReference; lastKnownFileType = sourcecode.cpp.h; path = Camera.hpp; sourceTree = "<group>"; };
		A5CCE3232C1F8D810070A028 /* Mesh.cpp */ = {isa = PBXFileReference; lastKnownFileType = sourcecode.cpp.cpp; path = Mesh.cpp; sourceTree = "<group>"; };
		A5CCE3242C1F8D810070A028 /* Mesh.hpp */ = {isa = PBXFileReference; lastKnownFileType = sourcecode.cpp.h; path = Mesh.hpp; sourceTree = "<group>"; };
		A5CCE3262C1FAD2A0070A028 /* GameObject.cpp */ = {isa = PBXFileReference; lastKnownFileType = sourcecode.cpp.cpp; path = GameObject.cpp; sourceTree = "<group>"; };
		A5CCE3272C1FAD2A0070A028 /* GameObject.hpp */ = {isa = PBXFileReference; lastKnownFileType = sourcecode.cpp.h; path = GameObject.hpp; sourceTree = "<group>"; };
		A5CCE32A2C2089BD0070A028 /* Rectangle.cpp */ = {isa = PBXFileReference; lastKnownFileType = sourcecode.cpp.cpp; path = Rectangle.cpp; sourceTree = "<group>"; };
		A5CCE32B2C2089BD0070A028 /* Rectangle.hpp */ = {isa = PBXFileReference; lastKnownFileType = sourcecode.cpp.h; path = Rectangle.hpp; sourceTree = "<group>"; };
		A5CCE32D2C20C1000070A028 /* Cube.cpp */ = {isa = PBXFileReference; lastKnownFileType = sourcecode.cpp.cpp; path = Cube.cpp; sourceTree = "<group>"; };
		A5CCE32E2C20C1000070A028 /* Cube.hpp */ = {isa = PBXFileReference; lastKnownFileType = sourcecode.cpp.h; path = Cube.hpp; sourceTree = "<group>"; };
		A5E412D62C0916E3003FF96F /* Shader.cpp */ = {isa = PBXFileReference; lastKnownFileType = sourcecode.cpp.cpp; path = Shader.cpp; sourceTree = "<group>"; };
		A5E412D72C0916E3003FF96F /* Shader.hpp */ = {isa = PBXFileReference; lastKnownFileType = sourcecode.cpp.h; path = Shader.hpp; sourceTree = "<group>"; };
/* End PBXFileReference section */

/* Begin PBXFrameworksBuildPhase section */
		A5C853BD2BCC8BE600326246 /* Frameworks */ = {
			isa = PBXFrameworksBuildPhase;
			buildActionMask = 2147483647;
			files = (
				A5260E0F2C10D06A0072EDC9 /* libGLEW.2.2.0.dylib in Frameworks */,
				A5C853CE2BCC8F3000326246 /* libglfw.3.3.dylib in Frameworks */,
				A5C853CC2BCC8E2900326246 /* OpenGL.framework in Frameworks */,
			);
			runOnlyForDeploymentPostprocessing = 0;
		};
/* End PBXFrameworksBuildPhase section */

/* Begin PBXGroup section */
		A5C853B72BCC8BE600326246 = {
			isa = PBXGroup;
			children = (
				A5C853C22BCC8BE600326246 /* MinecraftClone */,
				A5C853C12BCC8BE600326246 /* Products */,
				A5C853CA2BCC8E2800326246 /* Frameworks */,
			);
			sourceTree = "<group>";
		};
		A5C853C12BCC8BE600326246 /* Products */ = {
			isa = PBXGroup;
			children = (
				A5C853C02BCC8BE600326246 /* MinecraftClone */,
			);
			name = Products;
			sourceTree = "<group>";
		};
		A5C853C22BCC8BE600326246 /* MinecraftClone */ = {
			isa = PBXGroup;
			children = (
				A5E412D52C0916CA003FF96F /* source */,
				A5E412D42C0916C1003FF96F /* resources */,
				A5C853C32BCC8BE600326246 /* main.cpp */,
			);
			path = MinecraftClone;
			sourceTree = "<group>";
		};
		A5C853CA2BCC8E2800326246 /* Frameworks */ = {
			isa = PBXGroup;
			children = (
				A5260E0E2C10D06A0072EDC9 /* libGLEW.2.2.0.dylib */,
				A5C853CD2BCC8F3000326246 /* libglfw.3.3.dylib */,
				A5C853CB2BCC8E2900326246 /* OpenGL.framework */,
			);
			name = Frameworks;
			sourceTree = "<group>";
		};
		A5CCE3292C1FAE640070A028 /* GameObject */ = {
			isa = PBXGroup;
			children = (
				A5CCE3232C1F8D810070A028 /* Mesh.cpp */,
				A5CCE3242C1F8D810070A028 /* Mesh.hpp */,
				A5CCE3262C1FAD2A0070A028 /* GameObject.cpp */,
				A5CCE3272C1FAD2A0070A028 /* GameObject.hpp */,
				A5CCE32A2C2089BD0070A028 /* Rectangle.cpp */,
				A5CCE32B2C2089BD0070A028 /* Rectangle.hpp */,
				A5CCE32D2C20C1000070A028 /* Cube.cpp */,
				A5CCE32E2C20C1000070A028 /* Cube.hpp */,
			);
			path = GameObject;
			sourceTree = "<group>";
		};
		A5E412D42C0916C1003FF96F /* resources */ = {
			isa = PBXGroup;
			children = (
				A5E412D92C0CED9F003FF96F /* Shaders */,
			);
			path = resources;
			sourceTree = "<group>";
		};
		A5E412D52C0916CA003FF96F /* source */ = {
			isa = PBXGroup;
			children = (
				A5CCE3292C1FAE640070A028 /* GameObject */,
				A546E73E2C18C021006FC6A1 /* glm */,
				A5E412D62C0916E3003FF96F /* Shader.cpp */,
				A5E412D72C0916E3003FF96F /* Shader.hpp */,
				A529C3672C1236E90047C751 /* VertexBuffer.cpp */,
				A529C3682C1236E90047C751 /* VertexBuffer.hpp */,
				A5C683EF2C125C7600857C0C /* VertexArray.cpp */,
				A5C683F02C125C7600857C0C /* VertexArray.hpp */,
				A5C683F22C1260AB00857C0C /* VertexLayout.cpp */,
				A5C683F32C1260AB00857C0C /* VertexLayout.hpp */,
				A546E73B2C18ADFA006FC6A1 /* IndexBuffer.cpp */,
				A546E73C2C18ADFA006FC6A1 /* IndexBuffer.hpp */,
				A5CCE3202C1F68A70070A028 /* Camera.cpp */,
				A5CCE3212C1F68A70070A028 /* Camera.hpp */,
			);
			path = source;
			sourceTree = "<group>";
		};
		A5E412D92C0CED9F003FF96F /* Shaders */ = {
			isa = PBXGroup;
			children = (
			);
			path = Shaders;
			sourceTree = "<group>";
		};
/* End PBXGroup section */

/* Begin PBXNativeTarget section */
		A5C853BF2BCC8BE600326246 /* MinecraftClone */ = {
			isa = PBXNativeTarget;
			buildConfigurationList = A5C853C72BCC8BE600326246 /* Build configuration list for PBXNativeTarget "MinecraftClone" */;
			buildPhases = (
				A5C853BC2BCC8BE600326246 /* Sources */,
				A5C853BD2BCC8BE600326246 /* Frameworks */,
				A5C853BE2BCC8BE600326246 /* CopyFiles */,
			);
			buildRules = (
			);
			dependencies = (
			);
			name = MinecraftClone;
			productName = MinecraftClone;
			productReference = A5C853C02BCC8BE600326246 /* MinecraftClone */;
			productType = "com.apple.product-type.tool";
		};
/* End PBXNativeTarget section */

/* Begin PBXProject section */
		A5C853B82BCC8BE600326246 /* Project object */ = {
			isa = PBXProject;
			attributes = {
				BuildIndependentTargetsInParallel = 1;
				LastUpgradeCheck = 1410;
				TargetAttributes = {
					A5C853BF2BCC8BE600326246 = {
						CreatedOnToolsVersion = 14.1;
					};
				};
			};
			buildConfigurationList = A5C853BB2BCC8BE600326246 /* Build configuration list for PBXProject "MinecraftClone" */;
			compatibilityVersion = "Xcode 14.0";
			developmentRegion = en;
			hasScannedForEncodings = 0;
			knownRegions = (
				en,
				Base,
			);
			mainGroup = A5C853B72BCC8BE600326246;
			productRefGroup = A5C853C12BCC8BE600326246 /* Products */;
			projectDirPath = "";
			projectRoot = "";
			targets = (
				A5C853BF2BCC8BE600326246 /* MinecraftClone */,
			);
		};
/* End PBXProject section */

/* Begin PBXSourcesBuildPhase section */
		A5C853BC2BCC8BE600326246 /* Sources */ = {
			isa = PBXSourcesBuildPhase;
			buildActionMask = 2147483647;
			files = (
				A5E412D82C0916E3003FF96F /* Shader.cpp in Sources */,
				A5C683F12C125C7600857C0C /* VertexArray.cpp in Sources */,
				A5CCE3222C1F68A70070A028 /* Camera.cpp in Sources */,
				A5CCE32C2C2089BD0070A028 /* Rectangle.cpp in Sources */,
				A5CCE32F2C20C1000070A028 /* Cube.cpp in Sources */,
				A546E73D2C18ADFA006FC6A1 /* IndexBuffer.cpp in Sources */,
				A5C683F42C1260AB00857C0C /* VertexLayout.cpp in Sources */,
				A5C853C42BCC8BE600326246 /* main.cpp in Sources */,
				A5CCE3252C1F8D810070A028 /* Mesh.cpp in Sources */,
				A529C3692C1236E90047C751 /* VertexBuffer.cpp in Sources */,
				A5CCE3282C1FAD2A0070A028 /* GameObject.cpp in Sources */,
			);
			runOnlyForDeploymentPostprocessing = 0;
		};
/* End PBXSourcesBuildPhase section */

/* Begin XCBuildConfiguration section */
		A5C853C52BCC8BE600326246 /* Debug */ = {
			isa = XCBuildConfiguration;
			buildSettings = {
				ALWAYS_SEARCH_USER_PATHS = NO;
				CLANG_ANALYZER_NONNULL = YES;
				CLANG_ANALYZER_NUMBER_OBJECT_CONVERSION = YES_AGGRESSIVE;
				CLANG_CXX_LANGUAGE_STANDARD = "gnu++20";
				CLANG_ENABLE_MODULES = YES;
				CLANG_ENABLE_OBJC_ARC = YES;
				CLANG_ENABLE_OBJC_WEAK = YES;
				CLANG_WARN_BLOCK_CAPTURE_AUTORELEASING = YES;
				CLANG_WARN_BOOL_CONVERSION = YES;
				CLANG_WARN_COMMA = YES;
				CLANG_WARN_CONSTANT_CONVERSION = YES;
				CLANG_WARN_DEPRECATED_OBJC_IMPLEMENTATIONS = YES;
				CLANG_WARN_DIRECT_OBJC_ISA_USAGE = YES_ERROR;
				CLANG_WARN_DOCUMENTATION_COMMENTS = YES;
				CLANG_WARN_EMPTY_BODY = YES;
				CLANG_WARN_ENUM_CONVERSION = YES;
				CLANG_WARN_INFINITE_RECURSION = YES;
				CLANG_WARN_INT_CONVERSION = YES;
				CLANG_WARN_NON_LITERAL_NULL_CONVERSION = YES;
				CLANG_WARN_OBJC_IMPLICIT_RETAIN_SELF = YES;
				CLANG_WARN_OBJC_LITERAL_CONVERSION = YES;
				CLANG_WARN_OBJC_ROOT_CLASS = YES_ERROR;
				CLANG_WARN_QUOTED_INCLUDE_IN_FRAMEWORK_HEADER = YES;
				CLANG_WARN_RANGE_LOOP_ANALYSIS = YES;
				CLANG_WARN_STRICT_PROTOTYPES = YES;
				CLANG_WARN_SUSPICIOUS_MOVE = YES;
				CLANG_WARN_UNGUARDED_AVAILABILITY = YES_AGGRESSIVE;
				CLANG_WARN_UNREACHABLE_CODE = YES;
				CLANG_WARN__DUPLICATE_METHOD_MATCH = YES;
				COPY_PHASE_STRIP = NO;
				DEBUG_INFORMATION_FORMAT = dwarf;
				ENABLE_STRICT_OBJC_MSGSEND = YES;
				ENABLE_TESTABILITY = YES;
				GCC_C_LANGUAGE_STANDARD = gnu11;
				GCC_DYNAMIC_NO_PIC = NO;
				GCC_NO_COMMON_BLOCKS = YES;
				GCC_OPTIMIZATION_LEVEL = 0;
				GCC_PREPROCESSOR_DEFINITIONS = (
					"DEBUG=1",
					"$(inherited)",
				);
				GCC_WARN_64_TO_32_BIT_CONVERSION = YES;
				GCC_WARN_ABOUT_RETURN_TYPE = YES_ERROR;
				GCC_WARN_UNDECLARED_SELECTOR = YES;
				GCC_WARN_UNINITIALIZED_AUTOS = YES_AGGRESSIVE;
				GCC_WARN_UNUSED_FUNCTION = YES;
				GCC_WARN_UNUSED_VARIABLE = YES;
				MACOSX_DEPLOYMENT_TARGET = 13.0;
				MTL_ENABLE_DEBUG_INFO = INCLUDE_SOURCE;
				MTL_FAST_MATH = YES;
				ONLY_ACTIVE_ARCH = YES;
				SDKROOT = macosx;
			};
			name = Debug;
		};
		A5C853C62BCC8BE600326246 /* Release */ = {
			isa = XCBuildConfiguration;
			buildSettings = {
				ALWAYS_SEARCH_USER_PATHS = NO;
				CLANG_ANALYZER_NONNULL = YES;
				CLANG_ANALYZER_NUMBER_OBJECT_CONVERSION = YES_AGGRESSIVE;
				CLANG_CXX_LANGUAGE_STANDARD = "gnu++20";
				CLANG_ENABLE_MODULES = YES;
				CLANG_ENABLE_OBJC_ARC = YES;
				CLANG_ENABLE_OBJC_WEAK = YES;
				CLANG_WARN_BLOCK_CAPTURE_AUTORELEASING = YES;
				CLANG_WARN_BOOL_CONVERSION = YES;
				CLANG_WARN_COMMA = YES;
				CLANG_WARN_CONSTANT_CONVERSION = YES;
				CLANG_WARN_DEPRECATED_OBJC_IMPLEMENTATIONS = YES;
				CLANG_WARN_DIRECT_OBJC_ISA_USAGE = YES_ERROR;
				CLANG_WARN_DOCUMENTATION_COMMENTS = YES;
				CLANG_WARN_EMPTY_BODY = YES;
				CLANG_WARN_ENUM_CONVERSION = YES;
				CLANG_WARN_INFINITE_RECURSION = YES;
				CLANG_WARN_INT_CONVERSION = YES;
				CLANG_WARN_NON_LITERAL_NULL_CONVERSION = YES;
				CLANG_WARN_OBJC_IMPLICIT_RETAIN_SELF = YES;
				CLANG_WARN_OBJC_LITERAL_CONVERSION = YES;
				CLANG_WARN_OBJC_ROOT_CLASS = YES_ERROR;
				CLANG_WARN_QUOTED_INCLUDE_IN_FRAMEWORK_HEADER = YES;
				CLANG_WARN_RANGE_LOOP_ANALYSIS = YES;
				CLANG_WARN_STRICT_PROTOTYPES = YES;
				CLANG_WARN_SUSPICIOUS_MOVE = YES;
				CLANG_WARN_UNGUARDED_AVAILABILITY = YES_AGGRESSIVE;
				CLANG_WARN_UNREACHABLE_CODE = YES;
				CLANG_WARN__DUPLICATE_METHOD_MATCH = YES;
				COPY_PHASE_STRIP = NO;
				DEBUG_INFORMATION_FORMAT = "dwarf-with-dsym";
				ENABLE_NS_ASSERTIONS = NO;
				ENABLE_STRICT_OBJC_MSGSEND = YES;
				GCC_C_LANGUAGE_STANDARD = gnu11;
				GCC_NO_COMMON_BLOCKS = YES;
				GCC_WARN_64_TO_32_BIT_CONVERSION = YES;
				GCC_WARN_ABOUT_RETURN_TYPE = YES_ERROR;
				GCC_WARN_UNDECLARED_SELECTOR = YES;
				GCC_WARN_UNINITIALIZED_AUTOS = YES_AGGRESSIVE;
				GCC_WARN_UNUSED_FUNCTION = YES;
				GCC_WARN_UNUSED_VARIABLE = YES;
				MACOSX_DEPLOYMENT_TARGET = 13.0;
				MTL_ENABLE_DEBUG_INFO = NO;
				MTL_FAST_MATH = YES;
				SDKROOT = macosx;
			};
			name = Release;
		};
		A5C853C82BCC8BE600326246 /* Debug */ = {
			isa = XCBuildConfiguration;
			buildSettings = {
				CODE_SIGN_IDENTITY = "-";
				CODE_SIGN_STYLE = Automatic;
				GCC_PREPROCESSOR_DEFINITIONS = GL_SILENCE_DEPRECATION;
				HEADER_SEARCH_PATHS = (
					/opt/homebrew/Cellar/glfw/3.3.9/include,
					/opt/homebrew/Cellar/glew/2.2.0_1/include,
				);
				LIBRARY_SEARCH_PATHS = (
					"$(inherited)",
					/opt/homebrew/Cellar/glfw/3.3.9/lib,
					/opt/homebrew/Cellar/glew/2.2.0_1/lib,
				);
				PRODUCT_NAME = "$(TARGET_NAME)";
			};
			name = Debug;
		};
		A5C853C92BCC8BE600326246 /* Release */ = {
			isa = XCBuildConfiguration;
			buildSettings = {
				CODE_SIGN_IDENTITY = "-";
				CODE_SIGN_STYLE = Automatic;
				GCC_PREPROCESSOR_DEFINITIONS = GL_SILENCE_DEPRECATION;
				HEADER_SEARCH_PATHS = (
					/opt/homebrew/Cellar/glfw/3.3.9/include,
					/opt/homebrew/Cellar/glew/2.2.0_1/include,
				);
				LIBRARY_SEARCH_PATHS = (
					"$(inherited)",
					/opt/homebrew/Cellar/glfw/3.3.9/lib,
					/opt/homebrew/Cellar/glew/2.2.0_1/lib,
				);
				PRODUCT_NAME = "$(TARGET_NAME)";
			};
			name = Release;
		};
/* End XCBuildConfiguration section */

/* Begin XCConfigurationList section */
		A5C853BB2BCC8BE600326246 /* Build configuration list for PBXProject "MinecraftClone" */ = {
			isa = XCConfigurationList;
			buildConfigurations = (
				A5C853C52BCC8BE600326246 /* Debug */,
				A5C853C62BCC8BE600326246 /* Release */,
			);
			defaultConfigurationIsVisible = 0;
			defaultConfigurationName = Release;
		};
		A5C853C72BCC8BE600326246 /* Build configuration list for PBXNativeTarget "MinecraftClone" */ = {
			isa = XCConfigurationList;
			buildConfigurations = (
				A5C853C82BCC8BE600326246 /* Debug */,
				A5C853C92BCC8BE600326246 /* Release */,
			);
			defaultConfigurationIsVisible = 0;
			defaultConfigurationName = Release;
		};
/* End XCConfigurationList section */
	};
	rootObject = A5C853B82BCC8BE600326246 /* Project object */;
}
